{
    "antishov/doctrine-extensions-bundle": {
        "version": "1.4",
        "recipe": {
            "repo": "github.com/symfony/recipes-contrib",
            "branch": "master",
            "version": "1.4",
            "ref": "6c1ceb662f8997085f739cd089bfbef67f245983"
        },
        "files": [
            "config/packages/stof_doctrine_extensions.yaml"
        ]
    },
    "behat/transliterator": {
        "version": "v1.3.0"
    },
    "gedmo/doctrine-extensions": {
        "version": "v2.4.39"
    },
    "php": {
        "version": "7.2"
    },
    "symfony/form": {
        "version": "v4.4.5"
    },
    "symfony/inflector": {
        "version": "v4.4.5"
    },
    "symfony/intl": {
        "version": "v4.4.5"
    },
    "symfony/options-resolver": {
        "version": "v4.4.5"
    },
    "symfony/polyfill-intl-icu": {
        "version": "v1.14.0"
    },
    "symfony/property-access": {
        "version": "v4.4.5"
    }
}
